
Microsoft Visual Studio Solution File, Format Version 12.00
# Visual Studio Version 16
VisualStudioVersion = 16.0.32228.343
MinimumVisualStudioVersion = 10.0.40219.1
Project("{159641D6-6404-4A2A-AE62-294DE0FE8301}") = "SSISProject", "SSISProject.dtproj", "{63CCDE1D-2FB5-4F0B-96B0-18DC45C97B3E}"
EndProject
Global
	GlobalSection(SolutionConfigurationPlatforms) = preSolution
		Development|Default = Development|Default
	EndGlobalSection
	GlobalSection(ProjectConfigurationPlatforms) = postSolution
		{63CCDE1D-2FB5-4F0B-96B0-18DC45C97B3E}.Development|Default.ActiveCfg = Development
		{63CCDE1D-2FB5-4F0B-96B0-18DC45C97B3E}.Development|Default.Build.0 = Development
	EndGlobalSection
	GlobalSection(SolutionProperties) = preSolution
		HideSolutionNode = FALSE
	EndGlobalSection
	GlobalSection(ExtensibilityGlobals) = postSolution
		SolutionGuid = {7C87260E-0A5A-4959-B0D8-FB6B18DDD355}
	EndGlobalSection
EndGlobal
